
Microsoft Visual Studio Solution File, Format Version 12.00
# Visual Studio Version 16
VisualStudioVersion = 16.0.32929.386
MinimumVisualStudioVersion = 10.0.40219.1
Project("{FAE04EC0-301F-11D3-BF4B-00C04F79EFBC}") = "Task1", "Task1\Task1.csproj", "{83711D93-B244-4F04-BC33-A65F4AE40A41}"
EndProject
Project("{FAE04EC0-301F-11D3-BF4B-00C04F79EFBC}") = "Task2", "Task2\Task2.csproj", "{E3E92F6F-C067-4C98-9882-B5834604F51B}"
EndProject
Global
	GlobalSection(SolutionConfigurationPlatforms) = preSolution
		Debug|Any CPU = Debug|Any CPU
		Release|Any CPU = Release|Any CPU
	EndGlobalSection
	GlobalSection(ProjectConfigurationPlatforms) = postSolution
		{83711D93-B244-4F04-BC33-A65F4AE40A41}.Debug|Any CPU.ActiveCfg = Debug|Any CPU
		{83711D93-B244-4F04-BC33-A65F4AE40A41}.Debug|Any CPU.Build.0 = Debug|Any CPU
		{83711D93-B244-4F04-BC33-A65F4AE40A41}.Release|Any CPU.ActiveCfg = Release|Any CPU
		{83711D93-B244-4F04-BC33-A65F4AE40A41}.Release|Any CPU.Build.0 = Release|Any CPU
		{E3E92F6F-C067-4C98-9882-B5834604F51B}.Debug|Any CPU.ActiveCfg = Debug|Any CPU
		{E3E92F6F-C067-4C98-9882-B5834604F51B}.Debug|Any CPU.Build.0 = Debug|Any CPU
		{E3E92F6F-C067-4C98-9882-B5834604F51B}.Release|Any CPU.ActiveCfg = Release|Any CPU
		{E3E92F6F-C067-4C98-9882-B5834604F51B}.Release|Any CPU.Build.0 = Release|Any CPU
	EndGlobalSection
	GlobalSection(SolutionProperties) = preSolution
		HideSolutionNode = FALSE
	EndGlobalSection
	GlobalSection(ExtensibilityGlobals) = postSolution
		SolutionGuid = {9D1FB945-7467-469B-9955-C5B559DC47A3}
	EndGlobalSection
EndGlobal
